
Microsoft Visual Studio Solution File, Format Version 12.00
# Visual Studio Version 17
VisualStudioVersion = 17.2.32519.379
MinimumVisualStudioVersion = 10.0.40219.1
Project("{9A19103F-16F7-4668-BE54-9A1E7A4F7556}") = "TemplateDomain.PL", "TemplateDomain.PL\TemplateDomain.PL.csproj", "{E7CCB333-EC06-4916-BA02-024D24AAB000}"
EndProject
Project("{2150E333-8FDC-42A3-9474-1A3956D46DE8}") = "01_PublishedLanguage", "01_PublishedLanguage", "{7C51AC0D-172A-4CC1-8FA6-F11876809225}"
EndProject
Project("{2150E333-8FDC-42A3-9474-1A3956D46DE8}") = "02_WriteModel", "02_WriteModel", "{9D69CA7F-9ADC-4957-A11D-A37FF1A076E2}"
EndProject
Project("{2150E333-8FDC-42A3-9474-1A3956D46DE8}") = "Application", "Application", "{30E9144B-A33B-4DEA-9B5C-0897F81BC53A}"
EndProject
Project("{9A19103F-16F7-4668-BE54-9A1E7A4F7556}") = "TemplateDomain.Domain", "TemplateDomain.Domain\TemplateDomain.Domain.csproj", "{43BF1067-F218-4BEF-B2C5-9B0D93AA2A4F}"
EndProject
Project("{2150E333-8FDC-42A3-9474-1A3956D46DE8}") = "Domain", "Domain", "{70760C75-ABDE-4459-9E11-0A09763AC8D9}"
EndProject
Project("{9A19103F-16F7-4668-BE54-9A1E7A4F7556}") = "TemplateDomain.Domain.Infrastructure", "TemplateDomain.Domain.Infrastructure\TemplateDomain.Domain.Infrastructure.csproj", "{8CFB9AE8-88CA-475C-A1DD-831E1458EC8B}"
EndProject
Project("{9A19103F-16F7-4668-BE54-9A1E7A4F7556}") = "TemplateDomain.Domain.UnitTests", "TemplateDomain.Domain.UnitTests\TemplateDomain.Domain.UnitTests.csproj", "{7EB480A1-CE23-4910-9440-58A188F9BA55}"
EndProject
Project("{2150E333-8FDC-42A3-9474-1A3956D46DE8}") = "NSBus", "NSBus", "{ADC7A2B4-02D9-4C7C-B1B2-9C1B91A33DED}"
EndProject
Project("{9A19103F-16F7-4668-BE54-9A1E7A4F7556}") = "TemplateDomain.Domain.NSBus", "TemplateDomain.Domain.NSBus\TemplateDomain.Domain.NSBus.csproj", "{1E950B3B-B2BF-4120-8196-0DD54446BB4D}"
EndProject
Project("{9A19103F-16F7-4668-BE54-9A1E7A4F7556}") = "TemplateDomain.Domain.NSBus.UnitTests", "TemplateDomain.Domain.NSBus.UnitTests\TemplateDomain.Domain.NSBus.UnitTests.csproj", "{C2CC5A92-C94E-4D4C-80E4-2187A032E438}"
EndProject
Project("{9A19103F-16F7-4668-BE54-9A1E7A4F7556}") = "TemplateDomain.App", "TemplateDomain.App\TemplateDomain.App.csproj", "{1B1FABAD-BF70-49C8-B077-CA173E258F62}"
EndProject
Project("{2150E333-8FDC-42A3-9474-1A3956D46DE8}") = "03_ReadModel", "03_ReadModel", "{BB17777B-4C37-4AE1-B628-2B11273908FC}"
EndProject
Project("{2150E333-8FDC-42A3-9474-1A3956D46DE8}") = "Model", "Model", "{E2CFC051-2B50-48C8-8177-165A958F6757}"
EndProject
Project("{9A19103F-16F7-4668-BE54-9A1E7A4F7556}") = "TemplateDomain.ReadModel", "TemplateDomain.ReadModel\TemplateDomain.ReadModel.csproj", "{63A6EB87-46D1-447B-89D8-16D5500C5EF9}"
EndProject
Project("{2150E333-8FDC-42A3-9474-1A3956D46DE8}") = "Projections", "Projections", "{C50A78DE-FDD8-4BAF-AD0A-4651CEC271A2}"
EndProject
Project("{9A19103F-16F7-4668-BE54-9A1E7A4F7556}") = "TemplateDomain.ReadModel.Projections", "TemplateDomain.ReadModel.Projections\TemplateDomain.ReadModel.Projections.csproj", "{12938F18-3BA9-4DD6-9CDA-1E677E63B7EF}"
EndProject
Project("{9A19103F-16F7-4668-BE54-9A1E7A4F7556}") = "TemplateDomain.ReadModel.Projections.UnitTests", "TemplateDomain.ReadModel.Projections.UnitTests\TemplateDomain.ReadModel.Projections.UnitTests.csproj", "{2DBA2786-26B8-42C8-BE97-EAE5A9EAFA38}"
EndProject
Project("{9A19103F-16F7-4668-BE54-9A1E7A4F7556}") = "TemplateDomain.ReadModel.Projections.EventStoreDB", "TemplateDomain.ReadModel.Projections.EventStoreDB\TemplateDomain.ReadModel.Projections.EventStoreDB.csproj", "{D58766A3-CBAE-432E-95C7-AC61C619A70C}"
EndProject
Project("{2150E333-8FDC-42A3-9474-1A3956D46DE8}") = "Queries", "Queries", "{3163812D-6981-4F38-83FB-2300D6DE9540}"
EndProject
Project("{9A19103F-16F7-4668-BE54-9A1E7A4F7556}") = "TemplateDomain.ReadModel.Queries.RavenDB", "TemplateDomain.ReadModel.Queries.RavenDB\TemplateDomain.ReadModel.Queries.RavenDB.csproj", "{695B2C7B-C4DB-4674-8417-55DEAF5B7472}"
EndProject
Project("{9A19103F-16F7-4668-BE54-9A1E7A4F7556}") = "TemplateDomain.ReadModel.Queries.RavenDB.IntegrationTests", "TemplateDomain.ReadModel.Queries.RavenDB.IntegrationTests\TemplateDomain.ReadModel.Queries.RavenDB.IntegrationTests.csproj", "{8B9547A7-7B12-4E4F-9B06-A11634BB3A04}"
EndProject
Project("{9A19103F-16F7-4668-BE54-9A1E7A4F7556}") = "TemplateDomain.WebApi", "TemplateDomain.WebApi\TemplateDomain.WebApi.csproj", "{51C7D9AD-58EA-4B03-94E8-2F3E5583372F}"
EndProject
Project("{2150E333-8FDC-42A3-9474-1A3956D46DE8}") = "04_WebApi", "04_WebApi", "{9B73F1D2-0BC6-439E-A2C2-C9C41B3FC061}"
EndProject
Project("{9A19103F-16F7-4668-BE54-9A1E7A4F7556}") = "TemplateDomain.WebApi.ServiceInterface", "TemplateDomain.WebApi.ServiceInterface\TemplateDomain.WebApi.ServiceInterface.csproj", "{7D689109-34B2-4ED5-8FDE-181BA337CC3A}"
EndProject
Project("{9A19103F-16F7-4668-BE54-9A1E7A4F7556}") = "TemplateDomain.WebApi.ServiceModel", "TemplateDomain.WebApi.ServiceModel\TemplateDomain.WebApi.ServiceModel.csproj", "{855ADC7E-8AF6-43AB-A582-510B119DA609}"
EndProject
Project("{9A19103F-16F7-4668-BE54-9A1E7A4F7556}") = "TemplateDomain.WebApi.UnitTests", "TemplateDomain.WebApi.UnitTests\TemplateDomain.WebApi.UnitTests.csproj", "{B2A8A649-BCCF-422A-B4AB-1C2631FC2749}"
EndProject
Project("{9A19103F-16F7-4668-BE54-9A1E7A4F7556}") = "TemplateDomain.Common", "TemplateDomain.Common\TemplateDomain.Common.csproj", "{F9909985-A8CE-4312-BBD2-173A9A8AA64F}"
EndProject
Project("{2150E333-8FDC-42A3-9474-1A3956D46DE8}") = "00_Common", "00_Common", "{CD1433C3-289E-4003-BCA9-B90CC1C868C4}"
EndProject
Project("{2150E333-8FDC-42A3-9474-1A3956D46DE8}") = "Application", "Application", "{A0905FEA-C441-423F-A381-5790ACBA7180}"
EndProject
Project("{9A19103F-16F7-4668-BE54-9A1E7A4F7556}") = "TemplateDomain.ReadModel.App", "TemplateDomain.ReadModel.App\TemplateDomain.ReadModel.App.csproj", "{D83FEEE9-0C8A-42BA-BC1A-4BC059D1AA5A}"
EndProject
Project("{9A19103F-16F7-4668-BE54-9A1E7A4F7556}") = "TemplateDomain.WebApi.IntegrationTests", "TemplateDomain.WebApi.IntegrationTests\TemplateDomain.WebApi.IntegrationTests.csproj", "{F0F065E3-0F7D-481E-942C-449ED12E4073}"
EndProject
Project("{9A19103F-16F7-4668-BE54-9A1E7A4F7556}") = "TemplateDomain.WebApi.Infrastructure", "TemplateDomain.WebApi.Infrastructure\TemplateDomain.WebApi.Infrastructure.csproj", "{3849E981-AF47-4C35-9EA1-4B62950DE736}"
EndProject
Project("{9A19103F-16F7-4668-BE54-9A1E7A4F7556}") = "TemplateDomain.ReadModel.Infrastructure", "TemplateDomain.ReadModel.Infrastructure\TemplateDomain.ReadModel.Infrastructure.csproj", "{0AD676F1-4E1F-4E5E-911A-B944C2868372}"
EndProject
Project("{2150E333-8FDC-42A3-9474-1A3956D46DE8}") = "06_Testing", "06_Testing", "{4FEA8D3C-AE32-4CCD-9E5F-692431C7D2C8}"
EndProject
Project("{9A19103F-16F7-4668-BE54-9A1E7A4F7556}") = "TemplateDomain.Testing", "TemplateDomain.Testing\TemplateDomain.Testing.csproj", "{6E56FED7-1A87-4730-835F-580FA4C0A29C}"
EndProject
Project("{2150E333-8FDC-42A3-9474-1A3956D46DE8}") = "Infrastructure", "Infrastructure", "{23EB85C5-4021-4113-A841-F008E13D20CF}"
EndProject
Project("{9A19103F-16F7-4668-BE54-9A1E7A4F7556}") = "TemplateDomain.Common.UnitTests", "TemplateDomain.Common.UnitTests\TemplateDomain.Common.UnitTests.csproj", "{A73B9B2F-70D0-4B3A-A50C-CEFA3A6622E2}"
EndProject
Project("{2150E333-8FDC-42A3-9474-1A3956D46DE8}") = "05_Api", "05_Api", "{0D9E59D6-5355-44FE-A0CD-9D1D747B5807}"
EndProject
Project("{9A19103F-16F7-4668-BE54-9A1E7A4F7556}") = "TemplateDomain.Api", "TemplateDomain.Api\TemplateDomain.Api.csproj", "{77684FAC-1CFB-4E3B-A0AB-20BDFA6C1ABF}"
EndProject
Project("{9A19103F-16F7-4668-BE54-9A1E7A4F7556}") = "TemplateDomain.Api.ServiceModel", "TemplateDomain.Api.ServiceModel\TemplateDomain.Api.ServiceModel.csproj", "{F958080F-CD89-4B40-8A93-81C7291FB0ED}"
EndProject
Project("{9A19103F-16F7-4668-BE54-9A1E7A4F7556}") = "TemplateDomain.Api.UnitTests", "TemplateDomain.Api.UnitTests\TemplateDomain.Api.UnitTests.csproj", "{8BA74C34-D5A8-4B25-ABE7-60ED17E5265F}"
EndProject
Project("{9A19103F-16F7-4668-BE54-9A1E7A4F7556}") = "TemplateDomain.Api.ServiceInterface", "TemplateDomain.Api.ServiceInterface\TemplateDomain.Api.ServiceInterface.csproj", "{0DEFD2B8-C4B5-42CD-9AB6-5E6A66E9E173}"
EndProject
Project("{9A19103F-16F7-4668-BE54-9A1E7A4F7556}") = "TemplateDomain.Api.Infrastructure", "TemplateDomain.Api.Infrastructure\TemplateDomain.Api.Infrastructure.csproj", "{6258F211-A8E7-4E6D-A90A-32E48772FF70}"
EndProject
Global
	GlobalSection(SolutionConfigurationPlatforms) = preSolution
		Debug|Any CPU = Debug|Any CPU
		Release|Any CPU = Release|Any CPU
	EndGlobalSection
	GlobalSection(ProjectConfigurationPlatforms) = postSolution
		{E7CCB333-EC06-4916-BA02-024D24AAB000}.Debug|Any CPU.ActiveCfg = Debug|Any CPU
		{E7CCB333-EC06-4916-BA02-024D24AAB000}.Debug|Any CPU.Build.0 = Debug|Any CPU
		{E7CCB333-EC06-4916-BA02-024D24AAB000}.Release|Any CPU.ActiveCfg = Release|Any CPU
		{E7CCB333-EC06-4916-BA02-024D24AAB000}.Release|Any CPU.Build.0 = Release|Any CPU
		{43BF1067-F218-4BEF-B2C5-9B0D93AA2A4F}.Debug|Any CPU.ActiveCfg = Debug|Any CPU
		{43BF1067-F218-4BEF-B2C5-9B0D93AA2A4F}.Debug|Any CPU.Build.0 = Debug|Any CPU
		{43BF1067-F218-4BEF-B2C5-9B0D93AA2A4F}.Release|Any CPU.ActiveCfg = Release|Any CPU
		{43BF1067-F218-4BEF-B2C5-9B0D93AA2A4F}.Release|Any CPU.Build.0 = Release|Any CPU
		{8CFB9AE8-88CA-475C-A1DD-831E1458EC8B}.Debug|Any CPU.ActiveCfg = Debug|Any CPU
		{8CFB9AE8-88CA-475C-A1DD-831E1458EC8B}.Debug|Any CPU.Build.0 = Debug|Any CPU
		{8CFB9AE8-88CA-475C-A1DD-831E1458EC8B}.Release|Any CPU.ActiveCfg = Release|Any CPU
		{8CFB9AE8-88CA-475C-A1DD-831E1458EC8B}.Release|Any CPU.Build.0 = Release|Any CPU
		{7EB480A1-CE23-4910-9440-58A188F9BA55}.Debug|Any CPU.ActiveCfg = Debug|Any CPU
		{7EB480A1-CE23-4910-9440-58A188F9BA55}.Debug|Any CPU.Build.0 = Debug|Any CPU
		{7EB480A1-CE23-4910-9440-58A188F9BA55}.Release|Any CPU.ActiveCfg = Release|Any CPU
		{7EB480A1-CE23-4910-9440-58A188F9BA55}.Release|Any CPU.Build.0 = Release|Any CPU
		{1E950B3B-B2BF-4120-8196-0DD54446BB4D}.Debug|Any CPU.ActiveCfg = Debug|Any CPU
		{1E950B3B-B2BF-4120-8196-0DD54446BB4D}.Debug|Any CPU.Build.0 = Debug|Any CPU
		{1E950B3B-B2BF-4120-8196-0DD54446BB4D}.Release|Any CPU.ActiveCfg = Release|Any CPU
		{1E950B3B-B2BF-4120-8196-0DD54446BB4D}.Release|Any CPU.Build.0 = Release|Any CPU
		{C2CC5A92-C94E-4D4C-80E4-2187A032E438}.Debug|Any CPU.ActiveCfg = Debug|Any CPU
		{C2CC5A92-C94E-4D4C-80E4-2187A032E438}.Debug|Any CPU.Build.0 = Debug|Any CPU
		{C2CC5A92-C94E-4D4C-80E4-2187A032E438}.Release|Any CPU.ActiveCfg = Release|Any CPU
		{C2CC5A92-C94E-4D4C-80E4-2187A032E438}.Release|Any CPU.Build.0 = Release|Any CPU
		{1B1FABAD-BF70-49C8-B077-CA173E258F62}.Debug|Any CPU.ActiveCfg = Debug|Any CPU
		{1B1FABAD-BF70-49C8-B077-CA173E258F62}.Debug|Any CPU.Build.0 = Debug|Any CPU
		{1B1FABAD-BF70-49C8-B077-CA173E258F62}.Release|Any CPU.ActiveCfg = Release|Any CPU
		{1B1FABAD-BF70-49C8-B077-CA173E258F62}.Release|Any CPU.Build.0 = Release|Any CPU
		{63A6EB87-46D1-447B-89D8-16D5500C5EF9}.Debug|Any CPU.ActiveCfg = Debug|Any CPU
		{63A6EB87-46D1-447B-89D8-16D5500C5EF9}.Debug|Any CPU.Build.0 = Debug|Any CPU
		{63A6EB87-46D1-447B-89D8-16D5500C5EF9}.Release|Any CPU.ActiveCfg = Release|Any CPU
		{63A6EB87-46D1-447B-89D8-16D5500C5EF9}.Release|Any CPU.Build.0 = Release|Any CPU
		{12938F18-3BA9-4DD6-9CDA-1E677E63B7EF}.Debug|Any CPU.ActiveCfg = Debug|Any CPU
		{12938F18-3BA9-4DD6-9CDA-1E677E63B7EF}.Debug|Any CPU.Build.0 = Debug|Any CPU
		{12938F18-3BA9-4DD6-9CDA-1E677E63B7EF}.Release|Any CPU.ActiveCfg = Release|Any CPU
		{12938F18-3BA9-4DD6-9CDA-1E677E63B7EF}.Release|Any CPU.Build.0 = Release|Any CPU
		{2DBA2786-26B8-42C8-BE97-EAE5A9EAFA38}.Debug|Any CPU.ActiveCfg = Debug|Any CPU
		{2DBA2786-26B8-42C8-BE97-EAE5A9EAFA38}.Debug|Any CPU.Build.0 = Debug|Any CPU
		{2DBA2786-26B8-42C8-BE97-EAE5A9EAFA38}.Release|Any CPU.ActiveCfg = Release|Any CPU
		{2DBA2786-26B8-42C8-BE97-EAE5A9EAFA38}.Release|Any CPU.Build.0 = Release|Any CPU
		{D58766A3-CBAE-432E-95C7-AC61C619A70C}.Debug|Any CPU.ActiveCfg = Debug|Any CPU
		{D58766A3-CBAE-432E-95C7-AC61C619A70C}.Debug|Any CPU.Build.0 = Debug|Any CPU
		{D58766A3-CBAE-432E-95C7-AC61C619A70C}.Release|Any CPU.ActiveCfg = Release|Any CPU
		{D58766A3-CBAE-432E-95C7-AC61C619A70C}.Release|Any CPU.Build.0 = Release|Any CPU
		{695B2C7B-C4DB-4674-8417-55DEAF5B7472}.Debug|Any CPU.ActiveCfg = Debug|Any CPU
		{695B2C7B-C4DB-4674-8417-55DEAF5B7472}.Debug|Any CPU.Build.0 = Debug|Any CPU
		{695B2C7B-C4DB-4674-8417-55DEAF5B7472}.Release|Any CPU.ActiveCfg = Release|Any CPU
		{695B2C7B-C4DB-4674-8417-55DEAF5B7472}.Release|Any CPU.Build.0 = Release|Any CPU
		{8B9547A7-7B12-4E4F-9B06-A11634BB3A04}.Debug|Any CPU.ActiveCfg = Debug|Any CPU
		{8B9547A7-7B12-4E4F-9B06-A11634BB3A04}.Debug|Any CPU.Build.0 = Debug|Any CPU
		{8B9547A7-7B12-4E4F-9B06-A11634BB3A04}.Release|Any CPU.ActiveCfg = Release|Any CPU
		{8B9547A7-7B12-4E4F-9B06-A11634BB3A04}.Release|Any CPU.Build.0 = Release|Any CPU
		{51C7D9AD-58EA-4B03-94E8-2F3E5583372F}.Debug|Any CPU.ActiveCfg = Debug|Any CPU
		{51C7D9AD-58EA-4B03-94E8-2F3E5583372F}.Debug|Any CPU.Build.0 = Debug|Any CPU
		{51C7D9AD-58EA-4B03-94E8-2F3E5583372F}.Release|Any CPU.ActiveCfg = Release|Any CPU
		{51C7D9AD-58EA-4B03-94E8-2F3E5583372F}.Release|Any CPU.Build.0 = Release|Any CPU
		{7D689109-34B2-4ED5-8FDE-181BA337CC3A}.Debug|Any CPU.ActiveCfg = Debug|Any CPU
		{7D689109-34B2-4ED5-8FDE-181BA337CC3A}.Debug|Any CPU.Build.0 = Debug|Any CPU
		{7D689109-34B2-4ED5-8FDE-181BA337CC3A}.Release|Any CPU.ActiveCfg = Release|Any CPU
		{7D689109-34B2-4ED5-8FDE-181BA337CC3A}.Release|Any CPU.Build.0 = Release|Any CPU
		{855ADC7E-8AF6-43AB-A582-510B119DA609}.Debug|Any CPU.ActiveCfg = Debug|Any CPU
		{855ADC7E-8AF6-43AB-A582-510B119DA609}.Debug|Any CPU.Build.0 = Debug|Any CPU
		{855ADC7E-8AF6-43AB-A582-510B119DA609}.Release|Any CPU.ActiveCfg = Release|Any CPU
		{855ADC7E-8AF6-43AB-A582-510B119DA609}.Release|Any CPU.Build.0 = Release|Any CPU
		{B2A8A649-BCCF-422A-B4AB-1C2631FC2749}.Debug|Any CPU.ActiveCfg = Debug|Any CPU
		{B2A8A649-BCCF-422A-B4AB-1C2631FC2749}.Debug|Any CPU.Build.0 = Debug|Any CPU
		{B2A8A649-BCCF-422A-B4AB-1C2631FC2749}.Release|Any CPU.ActiveCfg = Release|Any CPU
		{B2A8A649-BCCF-422A-B4AB-1C2631FC2749}.Release|Any CPU.Build.0 = Release|Any CPU
		{F9909985-A8CE-4312-BBD2-173A9A8AA64F}.Debug|Any CPU.ActiveCfg = Debug|Any CPU
		{F9909985-A8CE-4312-BBD2-173A9A8AA64F}.Debug|Any CPU.Build.0 = Debug|Any CPU
		{F9909985-A8CE-4312-BBD2-173A9A8AA64F}.Release|Any CPU.ActiveCfg = Release|Any CPU
		{F9909985-A8CE-4312-BBD2-173A9A8AA64F}.Release|Any CPU.Build.0 = Release|Any CPU
		{D83FEEE9-0C8A-42BA-BC1A-4BC059D1AA5A}.Debug|Any CPU.ActiveCfg = Debug|Any CPU
		{D83FEEE9-0C8A-42BA-BC1A-4BC059D1AA5A}.Debug|Any CPU.Build.0 = Debug|Any CPU
		{D83FEEE9-0C8A-42BA-BC1A-4BC059D1AA5A}.Release|Any CPU.ActiveCfg = Release|Any CPU
		{D83FEEE9-0C8A-42BA-BC1A-4BC059D1AA5A}.Release|Any CPU.Build.0 = Release|Any CPU
		{F0F065E3-0F7D-481E-942C-449ED12E4073}.Debug|Any CPU.ActiveCfg = Debug|Any CPU
		{F0F065E3-0F7D-481E-942C-449ED12E4073}.Debug|Any CPU.Build.0 = Debug|Any CPU
		{F0F065E3-0F7D-481E-942C-449ED12E4073}.Release|Any CPU.ActiveCfg = Release|Any CPU
		{F0F065E3-0F7D-481E-942C-449ED12E4073}.Release|Any CPU.Build.0 = Release|Any CPU
		{3849E981-AF47-4C35-9EA1-4B62950DE736}.Debug|Any CPU.ActiveCfg = Debug|Any CPU
		{3849E981-AF47-4C35-9EA1-4B62950DE736}.Debug|Any CPU.Build.0 = Debug|Any CPU
		{3849E981-AF47-4C35-9EA1-4B62950DE736}.Release|Any CPU.ActiveCfg = Release|Any CPU
		{3849E981-AF47-4C35-9EA1-4B62950DE736}.Release|Any CPU.Build.0 = Release|Any CPU
		{0AD676F1-4E1F-4E5E-911A-B944C2868372}.Debug|Any CPU.ActiveCfg = Debug|Any CPU
		{0AD676F1-4E1F-4E5E-911A-B944C2868372}.Debug|Any CPU.Build.0 = Debug|Any CPU
		{0AD676F1-4E1F-4E5E-911A-B944C2868372}.Release|Any CPU.ActiveCfg = Release|Any CPU
		{0AD676F1-4E1F-4E5E-911A-B944C2868372}.Release|Any CPU.Build.0 = Release|Any CPU
		{6E56FED7-1A87-4730-835F-580FA4C0A29C}.Debug|Any CPU.ActiveCfg = Debug|Any CPU
		{6E56FED7-1A87-4730-835F-580FA4C0A29C}.Debug|Any CPU.Build.0 = Debug|Any CPU
		{6E56FED7-1A87-4730-835F-580FA4C0A29C}.Release|Any CPU.ActiveCfg = Release|Any CPU
		{6E56FED7-1A87-4730-835F-580FA4C0A29C}.Release|Any CPU.Build.0 = Release|Any CPU
		{A73B9B2F-70D0-4B3A-A50C-CEFA3A6622E2}.Debug|Any CPU.ActiveCfg = Debug|Any CPU
		{A73B9B2F-70D0-4B3A-A50C-CEFA3A6622E2}.Debug|Any CPU.Build.0 = Debug|Any CPU
		{A73B9B2F-70D0-4B3A-A50C-CEFA3A6622E2}.Release|Any CPU.ActiveCfg = Release|Any CPU
		{A73B9B2F-70D0-4B3A-A50C-CEFA3A6622E2}.Release|Any CPU.Build.0 = Release|Any CPU
		{77684FAC-1CFB-4E3B-A0AB-20BDFA6C1ABF}.Debug|Any CPU.ActiveCfg = Debug|Any CPU
		{77684FAC-1CFB-4E3B-A0AB-20BDFA6C1ABF}.Debug|Any CPU.Build.0 = Debug|Any CPU
		{77684FAC-1CFB-4E3B-A0AB-20BDFA6C1ABF}.Release|Any CPU.ActiveCfg = Release|Any CPU
		{77684FAC-1CFB-4E3B-A0AB-20BDFA6C1ABF}.Release|Any CPU.Build.0 = Release|Any CPU
		{F958080F-CD89-4B40-8A93-81C7291FB0ED}.Debug|Any CPU.ActiveCfg = Debug|Any CPU
		{F958080F-CD89-4B40-8A93-81C7291FB0ED}.Debug|Any CPU.Build.0 = Debug|Any CPU
		{F958080F-CD89-4B40-8A93-81C7291FB0ED}.Release|Any CPU.ActiveCfg = Release|Any CPU
		{F958080F-CD89-4B40-8A93-81C7291FB0ED}.Release|Any CPU.Build.0 = Release|Any CPU
		{8BA74C34-D5A8-4B25-ABE7-60ED17E5265F}.Debug|Any CPU.ActiveCfg = Debug|Any CPU
		{8BA74C34-D5A8-4B25-ABE7-60ED17E5265F}.Debug|Any CPU.Build.0 = Debug|Any CPU
		{8BA74C34-D5A8-4B25-ABE7-60ED17E5265F}.Release|Any CPU.ActiveCfg = Release|Any CPU
		{8BA74C34-D5A8-4B25-ABE7-60ED17E5265F}.Release|Any CPU.Build.0 = Release|Any CPU
		{0DEFD2B8-C4B5-42CD-9AB6-5E6A66E9E173}.Debug|Any CPU.ActiveCfg = Debug|Any CPU
		{0DEFD2B8-C4B5-42CD-9AB6-5E6A66E9E173}.Debug|Any CPU.Build.0 = Debug|Any CPU
		{0DEFD2B8-C4B5-42CD-9AB6-5E6A66E9E173}.Release|Any CPU.ActiveCfg = Release|Any CPU
		{0DEFD2B8-C4B5-42CD-9AB6-5E6A66E9E173}.Release|Any CPU.Build.0 = Release|Any CPU
		{6258F211-A8E7-4E6D-A90A-32E48772FF70}.Debug|Any CPU.ActiveCfg = Debug|Any CPU
		{6258F211-A8E7-4E6D-A90A-32E48772FF70}.Debug|Any CPU.Build.0 = Debug|Any CPU
		{6258F211-A8E7-4E6D-A90A-32E48772FF70}.Release|Any CPU.ActiveCfg = Release|Any CPU
		{6258F211-A8E7-4E6D-A90A-32E48772FF70}.Release|Any CPU.Build.0 = Release|Any CPU
	EndGlobalSection
	GlobalSection(SolutionProperties) = preSolution
		HideSolutionNode = FALSE
	EndGlobalSection
	GlobalSection(NestedProjects) = preSolution
		{E7CCB333-EC06-4916-BA02-024D24AAB000} = {7C51AC0D-172A-4CC1-8FA6-F11876809225}
		{30E9144B-A33B-4DEA-9B5C-0897F81BC53A} = {9D69CA7F-9ADC-4957-A11D-A37FF1A076E2}
		{43BF1067-F218-4BEF-B2C5-9B0D93AA2A4F} = {70760C75-ABDE-4459-9E11-0A09763AC8D9}
		{70760C75-ABDE-4459-9E11-0A09763AC8D9} = {9D69CA7F-9ADC-4957-A11D-A37FF1A076E2}
		{8CFB9AE8-88CA-475C-A1DD-831E1458EC8B} = {23EB85C5-4021-4113-A841-F008E13D20CF}
		{7EB480A1-CE23-4910-9440-58A188F9BA55} = {70760C75-ABDE-4459-9E11-0A09763AC8D9}
		{ADC7A2B4-02D9-4C7C-B1B2-9C1B91A33DED} = {9D69CA7F-9ADC-4957-A11D-A37FF1A076E2}
		{1E950B3B-B2BF-4120-8196-0DD54446BB4D} = {ADC7A2B4-02D9-4C7C-B1B2-9C1B91A33DED}
		{C2CC5A92-C94E-4D4C-80E4-2187A032E438} = {ADC7A2B4-02D9-4C7C-B1B2-9C1B91A33DED}
		{1B1FABAD-BF70-49C8-B077-CA173E258F62} = {30E9144B-A33B-4DEA-9B5C-0897F81BC53A}
		{E2CFC051-2B50-48C8-8177-165A958F6757} = {BB17777B-4C37-4AE1-B628-2B11273908FC}
		{63A6EB87-46D1-447B-89D8-16D5500C5EF9} = {E2CFC051-2B50-48C8-8177-165A958F6757}
		{C50A78DE-FDD8-4BAF-AD0A-4651CEC271A2} = {BB17777B-4C37-4AE1-B628-2B11273908FC}
		{12938F18-3BA9-4DD6-9CDA-1E677E63B7EF} = {C50A78DE-FDD8-4BAF-AD0A-4651CEC271A2}
		{2DBA2786-26B8-42C8-BE97-EAE5A9EAFA38} = {C50A78DE-FDD8-4BAF-AD0A-4651CEC271A2}
		{D58766A3-CBAE-432E-95C7-AC61C619A70C} = {C50A78DE-FDD8-4BAF-AD0A-4651CEC271A2}
		{3163812D-6981-4F38-83FB-2300D6DE9540} = {BB17777B-4C37-4AE1-B628-2B11273908FC}
		{695B2C7B-C4DB-4674-8417-55DEAF5B7472} = {3163812D-6981-4F38-83FB-2300D6DE9540}
		{8B9547A7-7B12-4E4F-9B06-A11634BB3A04} = {3163812D-6981-4F38-83FB-2300D6DE9540}
		{51C7D9AD-58EA-4B03-94E8-2F3E5583372F} = {9B73F1D2-0BC6-439E-A2C2-C9C41B3FC061}
		{7D689109-34B2-4ED5-8FDE-181BA337CC3A} = {9B73F1D2-0BC6-439E-A2C2-C9C41B3FC061}
		{855ADC7E-8AF6-43AB-A582-510B119DA609} = {9B73F1D2-0BC6-439E-A2C2-C9C41B3FC061}
		{B2A8A649-BCCF-422A-B4AB-1C2631FC2749} = {9B73F1D2-0BC6-439E-A2C2-C9C41B3FC061}
		{F9909985-A8CE-4312-BBD2-173A9A8AA64F} = {CD1433C3-289E-4003-BCA9-B90CC1C868C4}
		{A0905FEA-C441-423F-A381-5790ACBA7180} = {BB17777B-4C37-4AE1-B628-2B11273908FC}
		{D83FEEE9-0C8A-42BA-BC1A-4BC059D1AA5A} = {A0905FEA-C441-423F-A381-5790ACBA7180}
		{F0F065E3-0F7D-481E-942C-449ED12E4073} = {9B73F1D2-0BC6-439E-A2C2-C9C41B3FC061}
		{3849E981-AF47-4C35-9EA1-4B62950DE736} = {9B73F1D2-0BC6-439E-A2C2-C9C41B3FC061}
		{0AD676F1-4E1F-4E5E-911A-B944C2868372} = {E2CFC051-2B50-48C8-8177-165A958F6757}
		{6E56FED7-1A87-4730-835F-580FA4C0A29C} = {4FEA8D3C-AE32-4CCD-9E5F-692431C7D2C8}
		{23EB85C5-4021-4113-A841-F008E13D20CF} = {70760C75-ABDE-4459-9E11-0A09763AC8D9}
		{A73B9B2F-70D0-4B3A-A50C-CEFA3A6622E2} = {CD1433C3-289E-4003-BCA9-B90CC1C868C4}
		{77684FAC-1CFB-4E3B-A0AB-20BDFA6C1ABF} = {0D9E59D6-5355-44FE-A0CD-9D1D747B5807}
		{F958080F-CD89-4B40-8A93-81C7291FB0ED} = {0D9E59D6-5355-44FE-A0CD-9D1D747B5807}
		{8BA74C34-D5A8-4B25-ABE7-60ED17E5265F} = {0D9E59D6-5355-44FE-A0CD-9D1D747B5807}
		{0DEFD2B8-C4B5-42CD-9AB6-5E6A66E9E173} = {0D9E59D6-5355-44FE-A0CD-9D1D747B5807}
		{6258F211-A8E7-4E6D-A90A-32E48772FF70} = {0D9E59D6-5355-44FE-A0CD-9D1D747B5807}
	EndGlobalSection
	GlobalSection(ExtensibilityGlobals) = postSolution
		SolutionGuid = {19C1B536-2174-4619-A125-D9DC2F1D53BC}
	EndGlobalSection
EndGlobal
